
Microsoft Visual Studio Solution File, Format Version 12.00
# Visual Studio Version 17
VisualStudioVersion = 17.10.35201.131
MinimumVisualStudioVersion = 10.0.40219.1
Project("{FAE04EC0-301F-11D3-BF4B-00C04F79EFBC}") = "Calendario", "Calendario.csproj", "{743ABFC1-BC59-4642-946A-2403AFEBC7EB}"
EndProject
Global
	GlobalSection(SolutionConfigurationPlatforms) = preSolution
		Debug|Any CPU = Debug|Any CPU
		Release|Any CPU = Release|Any CPU
	EndGlobalSection
	GlobalSection(ProjectConfigurationPlatforms) = postSolution
		{743ABFC1-BC59-4642-946A-2403AFEBC7EB}.Debug|Any CPU.ActiveCfg = Debug|Any CPU
		{743ABFC1-BC59-4642-946A-2403AFEBC7EB}.Debug|Any CPU.Build.0 = Debug|Any CPU
		{743ABFC1-BC59-4642-946A-2403AFEBC7EB}.Release|Any CPU.ActiveCfg = Release|Any CPU
		{743ABFC1-BC59-4642-946A-2403AFEBC7EB}.Release|Any CPU.Build.0 = Release|Any CPU
	EndGlobalSection
	GlobalSection(SolutionProperties) = preSolution
		HideSolutionNode = FALSE
	EndGlobalSection
	GlobalSection(ExtensibilityGlobals) = postSolution
		SolutionGuid = {AE83E82F-AEAB-4509-B472-38BDD838A51A}
	EndGlobalSection
EndGlobal
